{
    "_readme": [
        "This file locks the dependencies of your project to a known state",
        "Read more about it at https://getcomposer.org/doc/01-basic-usage.md#composer-lock-the-lock-file",
        "This file is @generated automatically"
    ],
    "content-hash": "0536f528a4004a23149faab582e4563f",
    "packages": [
        {
            "name": "olyaklim/composgetdate",
            "version": "dev-master",
            "source": {
                "type": "git",
                "url": "https://github.com/olyaklim/composgetdate.git",
                "reference": "3d9e90abe40ce30103e431685c92fc90a8dc0aaa"
            },
            "dist": {
                "type": "zip",
                "url": "https://api.github.com/repos/olyaklim/composgetdate/zipball/3d9e90abe40ce30103e431685c92fc90a8dc0aaa",
                "reference": "3d9e90abe40ce30103e431685c92fc90a8dc0aaa",
                "shasum": ""
            },
            "require": {
                "php": ">=5.6"
            },
            "type": "library",
            "autoload": {
                "psr-4": {
                    "Olyaklim\\": "src/"
                }
            },
            "notification-url": "https://packagist.org/downloads/",
            "license": [
                "MIT"
            ],
            "authors": [
                {
                    "name": "Olga Shevchenko",
                    "email": "olga.app2@gmail.com",
                    "role": "Developer"
                }
            ],
            "description": "getdate",
            "homepage": "https://github.com/olyaklim",
            "keywords": [
                "currency",
                "getdate",
                "math"
            ],
            "time": "2017-08-11T12:15:43+00:00"
        }
    ],
    "packages-dev": [],
    "aliases": [],
    "minimum-stability": "dev",
    "stability-flags": {
        "olyaklim/composgetdate": 20
    },
    "prefer-stable": false,
    "prefer-lowest": false,
    "platform": {
        "php": ">=5.6"
    },
    "platform-dev": []
}
